<?xml version="1.0" encoding="utf-8"?>
<Project ToolsVersion="4.0" xmlns="http://schemas.microsoft.com/developer/msbuild/2003">
  <ItemGroup>
    <Filter Include="资源文件">
      <UniqueIdentifier>{67DA6AB6-F800-4c08-8B7A-83BB121AAD01}</UniqueIdentifier>
      <Extensions>rc;ico;cur;bmp;dlg;rc2;rct;bin;rgs;gif;jpg;jpeg;jpe;resx;tiff;tif;png;wav;mfcribbon-ms</Extensions>
    </Filter>
    <Filter Include="主入口">
      <UniqueIdentifier>{66ec937a-9d45-4b00-ad7a-204d43627efd}</UniqueIdentifier>
    </Filter>
    <Filter Include="底层">
      <UniqueIdentifier>{bbfae21c-f58e-4993-b283-6db1fd5fe5b3}</UniqueIdentifier>
    </Filter>
    <Filter Include="数据层">
      <UniqueIdentifier>{13784fdf-3b52-4238-bae3-7573ed77d15f}</UniqueIdentifier>
    </Filter>
    <Filter Include="数据管理层">
      <UniqueIdentifier>{f52a756d-7dd1-4ee7-9990-fb239613561d}</UniqueIdentifier>
    </Filter>
    <Filter Include="业务层">
      <UniqueIdentifier>{785692e7-7841-4b0a-9906-91fa0a97254c}</UniqueIdentifier>
    </Filter>
  </ItemGroup>
  <ItemGroup>
    <ClInclude Include="DebugPrint.h">
      <Filter>底层</Filter>
    </ClInclude>
    <ClInclude Include="DB.h">
      <Filter>底层</Filter>
    </ClInclude>
    <ClInclude Include="Card.h">
      <Filter>数据层</Filter>
    </ClInclude>
    <ClInclude Include="Skin.h">
      <Filter>数据层</Filter>
    </ClInclude>
    <ClInclude Include="SkinType.h">
      <Filter>数据层</Filter>
    </ClInclude>
    <ClInclude Include="CardType.h">
      <Filter>数据层</Filter>
    </ClInclude>
    <ClInclude Include="User.h">
      <Filter>数据层</Filter>
    </ClInclude>
    <ClInclude Include="CardLevAttrType.h">
      <Filter>数据层</Filter>
    </ClInclude>
    <ClInclude Include="CardLevAttrTypeMgr.h">
      <Filter>数据管理层</Filter>
    </ClInclude>
    <ClInclude Include="SkinMgr.h">
      <Filter>数据管理层</Filter>
    </ClInclude>
    <ClInclude Include="SkinTypeMgr.h">
      <Filter>数据管理层</Filter>
    </ClInclude>
    <ClInclude Include="CardTypeMgr.h">
      <Filter>数据管理层</Filter>
    </ClInclude>
    <ClInclude Include="UserMgr.h">
      <Filter>数据管理层</Filter>
    </ClInclude>
    <ClInclude Include="CardMgr.h">
      <Filter>数据管理层</Filter>
    </ClInclude>
    <ClInclude Include="LoginSystem.h">
      <Filter>业务层</Filter>
    </ClInclude>
    <ClInclude Include="UserLevelSystem.h">
      <Filter>业务层</Filter>
    </ClInclude>
    <ClInclude Include="CardSystem.h">
      <Filter>业务层</Filter>
    </ClInclude>
    <ClInclude Include="CardRankType.h">
      <Filter>数据层</Filter>
    </ClInclude>
    <ClInclude Include="CardRankTypeMgr.h">
      <Filter>数据管理层</Filter>
    </ClInclude>
  </ItemGroup>
  <ItemGroup>
    <ClCompile Include="DB.cpp">
      <Filter>底层</Filter>
    </ClCompile>
    <ClCompile Include="main.cpp">
      <Filter>主入口</Filter>
    </ClCompile>
    <ClCompile Include="CardRankType.cpp">
      <Filter>数据层</Filter>
    </ClCompile>
    <ClCompile Include="CardLevAttrType.cpp">
      <Filter>数据层</Filter>
    </ClCompile>
    <ClCompile Include="SkinType.cpp">
      <Filter>数据层</Filter>
    </ClCompile>
    <ClCompile Include="CardType.cpp">
      <Filter>数据层</Filter>
    </ClCompile>
    <ClCompile Include="Skin.cpp">
      <Filter>数据层</Filter>
    </ClCompile>
    <ClCompile Include="Card.cpp">
      <Filter>数据层</Filter>
    </ClCompile>
    <ClCompile Include="User.cpp">
      <Filter>数据层</Filter>
    </ClCompile>
    <ClCompile Include="SkinMgr.cpp">
      <Filter>数据管理层</Filter>
    </ClCompile>
    <ClCompile Include="SkinTypeMgr.cpp">
      <Filter>数据管理层</Filter>
    </ClCompile>
    <ClCompile Include="CardTypeMgr.cpp">
      <Filter>数据管理层</Filter>
    </ClCompile>
    <ClCompile Include="CardMgr.cpp">
      <Filter>数据管理层</Filter>
    </ClCompile>
    <ClCompile Include="UserMgr.cpp">
      <Filter>数据管理层</Filter>
    </ClCompile>
    <ClCompile Include="CardLevAttrTypeMgr.cpp">
      <Filter>数据管理层</Filter>
    </ClCompile>
    <ClCompile Include="LoginSystem.cpp">
      <Filter>业务层</Filter>
    </ClCompile>
    <ClCompile Include="CardSystem.cpp">
      <Filter>业务层</Filter>
    </ClCompile>
    <ClCompile Include="UserLevelSystem.cpp">
      <Filter>业务层</Filter>
    </ClCompile>
    <ClCompile Include="CardRankTypeMgr.cpp">
      <Filter>数据管理层</Filter>
    </ClCompile>
  </ItemGroup>
</Project>